// !$*UTF8*$!
{
	archiveVersion = 1;
	classes = {
	};
	objectVersion = 50;
	objects = {

/* Begin PBXBuildFile section */
		6BC960D42A06A29E00DEAF65 /* LobbyPage.swift in Sources */ = {isa = PBXBuildFile; fileRef = 6BC960D32A06A29E00DEAF65 /* LobbyPage.swift */; };
		6BC960D62A06A8DB00DEAF65 /* SystemPlayingPage.swift in Sources */ = {isa = PBXBuildFile; fileRef = 6BC960D52A06A8DB00DEAF65 /* SystemPlayingPage.swift */; };
		6BC960D82A06A92700DEAF65 /* FriendPlayingPage.swift in Sources */ = {isa = PBXBuildFile; fileRef = 6BC960D72A06A92700DEAF65 /* FriendPlayingPage.swift */; };
		6BC960DA2A06AA4D00DEAF65 /* NumberButtonsView.xib in Resources */ = {isa = PBXBuildFile; fileRef = 6BC960D92A06AA4D00DEAF65 /* NumberButtonsView.xib */; };
		6BC960DC2A06AA6E00DEAF65 /* NumberButtonsView.swift in Sources */ = {isa = PBXBuildFile; fileRef = 6BC960DB2A06AA6E00DEAF65 /* NumberButtonsView.swift */; };
		6BC960DE2A07A51500DEAF65 /* LobbyPage.storyboard in Resources */ = {isa = PBXBuildFile; fileRef = 6BC960DD2A07A51500DEAF65 /* LobbyPage.storyboard */; };
		6BC960E02A07A55400DEAF65 /* SystemPlayingPage.storyboard in Resources */ = {isa = PBXBuildFile; fileRef = 6BC960DF2A07A55400DEAF65 /* SystemPlayingPage.storyboard */; };
		6BC960E22A07A56200DEAF65 /* FriendPlayingPage.storyboard in Resources */ = {isa = PBXBuildFile; fileRef = 6BC960E12A07A56200DEAF65 /* FriendPlayingPage.storyboard */; };
		6BC960E92A07DD4A00DEAF65 /* ConfigurationPage.storyboard in Resources */ = {isa = PBXBuildFile; fileRef = 6BC960E82A07DD4A00DEAF65 /* ConfigurationPage.storyboard */; };
		6BC960EB2A07DD5500DEAF65 /* ConfigurationPage.swift in Sources */ = {isa = PBXBuildFile; fileRef = 6BC960EA2A07DD5500DEAF65 /* ConfigurationPage.swift */; };
		857F07B42340AC650046C64E /* AppDelegate.swift in Sources */ = {isa = PBXBuildFile; fileRef = 857F07B32340AC650046C64E /* AppDelegate.swift */; };
		857F07B62340AC650046C64E /* ViewController.swift in Sources */ = {isa = PBXBuildFile; fileRef = 857F07B52340AC650046C64E /* ViewController.swift */; };
		857F07B92340AC660046C64E /* Main.storyboard in Resources */ = {isa = PBXBuildFile; fileRef = 857F07B72340AC660046C64E /* Main.storyboard */; };
		857F07BB2340AC670046C64E /* Assets.xcassets in Resources */ = {isa = PBXBuildFile; fileRef = 857F07BA2340AC670046C64E /* Assets.xcassets */; };
		857F07BE2340AC670046C64E /* LaunchScreen.storyboard in Resources */ = {isa = PBXBuildFile; fileRef = 857F07BC2340AC670046C64E /* LaunchScreen.storyboard */; };
/* End PBXBuildFile section */

/* Begin PBXFileReference section */
		6BC960D32A06A29E00DEAF65 /* LobbyPage.swift */ = {isa = PBXFileReference; lastKnownFileType = sourcecode.swift; path = LobbyPage.swift; sourceTree = "<group>"; };
		6BC960D52A06A8DB00DEAF65 /* SystemPlayingPage.swift */ = {isa = PBXFileReference; lastKnownFileType = sourcecode.swift; path = SystemPlayingPage.swift; sourceTree = "<group>"; };
		6BC960D72A06A92700DEAF65 /* FriendPlayingPage.swift */ = {isa = PBXFileReference; lastKnownFileType = sourcecode.swift; path = FriendPlayingPage.swift; sourceTree = "<group>"; };
		6BC960D92A06AA4D00DEAF65 /* NumberButtonsView.xib */ = {isa = PBXFileReference; lastKnownFileType = file.xib; path = NumberButtonsView.xib; sourceTree = "<group>"; };
		6BC960DB2A06AA6E00DEAF65 /* NumberButtonsView.swift */ = {isa = PBXFileReference; lastKnownFileType = sourcecode.swift; path = NumberButtonsView.swift; sourceTree = "<group>"; };
		6BC960DD2A07A51500DEAF65 /* LobbyPage.storyboard */ = {isa = PBXFileReference; lastKnownFileType = file.storyboard; path = LobbyPage.storyboard; sourceTree = "<group>"; };
		6BC960DF2A07A55400DEAF65 /* SystemPlayingPage.storyboard */ = {isa = PBXFileReference; lastKnownFileType = file.storyboard; path = SystemPlayingPage.storyboard; sourceTree = "<group>"; };
		6BC960E12A07A56200DEAF65 /* FriendPlayingPage.storyboard */ = {isa = PBXFileReference; lastKnownFileType = file.storyboard; path = FriendPlayingPage.storyboard; sourceTree = "<group>"; };
		6BC960E82A07DD4A00DEAF65 /* ConfigurationPage.storyboard */ = {isa = PBXFileReference; lastKnownFileType = file.storyboard; path = ConfigurationPage.storyboard; sourceTree = "<group>"; };
		6BC960EA2A07DD5500DEAF65 /* ConfigurationPage.swift */ = {isa = PBXFileReference; lastKnownFileType = sourcecode.swift; path = ConfigurationPage.swift; sourceTree = "<group>"; };
		857F07B02340AC650046C64E /* Bingo.app */ = {isa = PBXFileReference; explicitFileType = wrapper.application; includeInIndex = 0; path = Bingo.app; sourceTree = BUILT_PRODUCTS_DIR; };
		857F07B32340AC650046C64E /* AppDelegate.swift */ = {isa = PBXFileReference; lastKnownFileType = sourcecode.swift; path = AppDelegate.swift; sourceTree = "<group>"; };
		857F07B52340AC650046C64E /* ViewController.swift */ = {isa = PBXFileReference; lastKnownFileType = sourcecode.swift; path = ViewController.swift; sourceTree = "<group>"; };
		857F07B82340AC660046C64E /* Base */ = {isa = PBXFileReference; lastKnownFileType = file.storyboard; name = Base; path = Base.lproj/Main.storyboard; sourceTree = "<group>"; };
		857F07BA2340AC670046C64E /* Assets.xcassets */ = {isa = PBXFileReference; lastKnownFileType = folder.assetcatalog; path = Assets.xcassets; sourceTree = "<group>"; };
		857F07BD2340AC670046C64E /* Base */ = {isa = PBXFileReference; lastKnownFileType = file.storyboard; name = Base; path = Base.lproj/LaunchScreen.storyboard; sourceTree = "<group>"; };
		857F07BF2340AC670046C64E /* Info.plist */ = {isa = PBXFileReference; lastKnownFileType = text.plist.xml; path = Info.plist; sourceTree = "<group>"; };
/* End PBXFileReference section */

/* Begin PBXFrameworksBuildPhase section */
		857F07AD2340AC650046C64E /* Frameworks */ = {
			isa = PBXFrameworksBuildPhase;
			buildActionMask = 2147483647;
			files = (
			);
			runOnlyForDeploymentPostprocessing = 0;
		};
/* End PBXFrameworksBuildPhase section */

/* Begin PBXGroup section */
		6BC960E32A07D87400DEAF65 /* LobbyPage */ = {
			isa = PBXGroup;
			children = (
				6BC960DD2A07A51500DEAF65 /* LobbyPage.storyboard */,
				6BC960D32A06A29E00DEAF65 /* LobbyPage.swift */,
			);
			path = LobbyPage;
			sourceTree = "<group>";
		};
		6BC960E42A07D88100DEAF65 /* SystemPlayingPage */ = {
			isa = PBXGroup;
			children = (
				6BC960DF2A07A55400DEAF65 /* SystemPlayingPage.storyboard */,
				6BC960D52A06A8DB00DEAF65 /* SystemPlayingPage.swift */,
			);
			path = SystemPlayingPage;
			sourceTree = "<group>";
		};
		6BC960E52A07D88800DEAF65 /* FriendPlayingPage */ = {
			isa = PBXGroup;
			children = (
				6BC960E12A07A56200DEAF65 /* FriendPlayingPage.storyboard */,
				6BC960D72A06A92700DEAF65 /* FriendPlayingPage.swift */,
			);
			path = FriendPlayingPage;
			sourceTree = "<group>";
		};
		6BC960E62A07D88F00DEAF65 /* NumberButtonsView */ = {
			isa = PBXGroup;
			children = (
				6BC960D92A06AA4D00DEAF65 /* NumberButtonsView.xib */,
				6BC960DB2A06AA6E00DEAF65 /* NumberButtonsView.swift */,
			);
			path = NumberButtonsView;
			sourceTree = "<group>";
		};
		6BC960E72A07DCFF00DEAF65 /* ConfigurationPage */ = {
			isa = PBXGroup;
			children = (
				6BC960E82A07DD4A00DEAF65 /* ConfigurationPage.storyboard */,
				6BC960EA2A07DD5500DEAF65 /* ConfigurationPage.swift */,
			);
			path = ConfigurationPage;
			sourceTree = "<group>";
		};
		857F07A72340AC650046C64E = {
			isa = PBXGroup;
			children = (
				857F07B22340AC650046C64E /* Bingo */,
				857F07B12340AC650046C64E /* Products */,
			);
			sourceTree = "<group>";
		};
		857F07B12340AC650046C64E /* Products */ = {
			isa = PBXGroup;
			children = (
				857F07B02340AC650046C64E /* Bingo.app */,
			);
			name = Products;
			sourceTree = "<group>";
		};
		857F07B22340AC650046C64E /* Bingo */ = {
			isa = PBXGroup;
			children = (
				857F07B32340AC650046C64E /* AppDelegate.swift */,
				857F07B52340AC650046C64E /* ViewController.swift */,
				857F07B72340AC660046C64E /* Main.storyboard */,
				6BC960E32A07D87400DEAF65 /* LobbyPage */,
				6BC960E42A07D88100DEAF65 /* SystemPlayingPage */,
				6BC960E52A07D88800DEAF65 /* FriendPlayingPage */,
				6BC960E72A07DCFF00DEAF65 /* ConfigurationPage */,
				6BC960E62A07D88F00DEAF65 /* NumberButtonsView */,
				857F07BA2340AC670046C64E /* Assets.xcassets */,
				857F07BC2340AC670046C64E /* LaunchScreen.storyboard */,
				857F07BF2340AC670046C64E /* Info.plist */,
			);
			path = Bingo;
			sourceTree = "<group>";
		};
/* End PBXGroup section */

/* Begin PBXNativeTarget section */
		857F07AF2340AC650046C64E /* Bingo */ = {
			isa = PBXNativeTarget;
			buildConfigurationList = 857F07C22340AC670046C64E /* Build configuration list for PBXNativeTarget "Bingo" */;
			buildPhases = (
				857F07AC2340AC650046C64E /* Sources */,
				857F07AD2340AC650046C64E /* Frameworks */,
				857F07AE2340AC650046C64E /* Resources */,
			);
			buildRules = (
			);
			dependencies = (
			);
			name = Bingo;
			productName = Bingo;
			productReference = 857F07B02340AC650046C64E /* Bingo.app */;
			productType = "com.apple.product-type.application";
		};
/* End PBXNativeTarget section */

/* Begin PBXProject section */
		857F07A82340AC650046C64E /* Project object */ = {
			isa = PBXProject;
			attributes = {
				LastSwiftUpdateCheck = 1020;
				LastUpgradeCheck = 1020;
				ORGANIZATIONNAME = "H.W. Hsiao";
				TargetAttributes = {
					857F07AF2340AC650046C64E = {
						CreatedOnToolsVersion = 10.2.1;
					};
				};
			};
			buildConfigurationList = 857F07AB2340AC650046C64E /* Build configuration list for PBXProject "Bingo" */;
			compatibilityVersion = "Xcode 9.3";
			developmentRegion = en;
			hasScannedForEncodings = 0;
			knownRegions = (
				en,
				Base,
			);
			mainGroup = 857F07A72340AC650046C64E;
			productRefGroup = 857F07B12340AC650046C64E /* Products */;
			projectDirPath = "";
			projectRoot = "";
			targets = (
				857F07AF2340AC650046C64E /* Bingo */,
			);
		};
/* End PBXProject section */

/* Begin PBXResourcesBuildPhase section */
		857F07AE2340AC650046C64E /* Resources */ = {
			isa = PBXResourcesBuildPhase;
			buildActionMask = 2147483647;
			files = (
				6BC960E92A07DD4A00DEAF65 /* ConfigurationPage.storyboard in Resources */,
				857F07BE2340AC670046C64E /* LaunchScreen.storyboard in Resources */,
				6BC960DA2A06AA4D00DEAF65 /* NumberButtonsView.xib in Resources */,
				857F07BB2340AC670046C64E /* Assets.xcassets in Resources */,
				6BC960E02A07A55400DEAF65 /* SystemPlayingPage.storyboard in Resources */,
				6BC960E22A07A56200DEAF65 /* FriendPlayingPage.storyboard in Resources */,
				6BC960DE2A07A51500DEAF65 /* LobbyPage.storyboard in Resources */,
				857F07B92340AC660046C64E /* Main.storyboard in Resources */,
			);
			runOnlyForDeploymentPostprocessing = 0;
		};
/* End PBXResourcesBuildPhase section */

/* Begin PBXSourcesBuildPhase section */
		857F07AC2340AC650046C64E /* Sources */ = {
			isa = PBXSourcesBuildPhase;
			buildActionMask = 2147483647;
			files = (
				6BC960D62A06A8DB00DEAF65 /* SystemPlayingPage.swift in Sources */,
				6BC960D42A06A29E00DEAF65 /* LobbyPage.swift in Sources */,
				6BC960EB2A07DD5500DEAF65 /* ConfigurationPage.swift in Sources */,
				857F07B62340AC650046C64E /* ViewController.swift in Sources */,
				857F07B42340AC650046C64E /* AppDelegate.swift in Sources */,
				6BC960D82A06A92700DEAF65 /* FriendPlayingPage.swift in Sources */,
				6BC960DC2A06AA6E00DEAF65 /* NumberButtonsView.swift in Sources */,
			);
			runOnlyForDeploymentPostprocessing = 0;
		};
/* End PBXSourcesBuildPhase section */

/* Begin PBXVariantGroup section */
		857F07B72340AC660046C64E /* Main.storyboard */ = {
			isa = PBXVariantGroup;
			children = (
				857F07B82340AC660046C64E /* Base */,
			);
			name = Main.storyboard;
			sourceTree = "<group>";
		};
		857F07BC2340AC670046C64E /* LaunchScreen.storyboard */ = {
			isa = PBXVariantGroup;
			children = (
				857F07BD2340AC670046C64E /* Base */,
			);
			name = LaunchScreen.storyboard;
			sourceTree = "<group>";
		};
/* End PBXVariantGroup section */

/* Begin XCBuildConfiguration section */
		857F07C02340AC670046C64E /* Debug */ = {
			isa = XCBuildConfiguration;
			buildSettings = {
				ALWAYS_SEARCH_USER_PATHS = NO;
				CLANG_ANALYZER_NONNULL = YES;
				CLANG_ANALYZER_NUMBER_OBJECT_CONVERSION = YES_AGGRESSIVE;
				CLANG_CXX_LANGUAGE_STANDARD = "gnu++14";
				CLANG_CXX_LIBRARY = "libc++";
				CLANG_ENABLE_MODULES = YES;
				CLANG_ENABLE_OBJC_ARC = YES;
				CLANG_ENABLE_OBJC_WEAK = YES;
				CLANG_WARN_BLOCK_CAPTURE_AUTORELEASING = YES;
				CLANG_WARN_BOOL_CONVERSION = YES;
				CLANG_WARN_COMMA = YES;
				CLANG_WARN_CONSTANT_CONVERSION = YES;
				CLANG_WARN_DEPRECATED_OBJC_IMPLEMENTATIONS = YES;
				CLANG_WARN_DIRECT_OBJC_ISA_USAGE = YES_ERROR;
				CLANG_WARN_DOCUMENTATION_COMMENTS = YES;
				CLANG_WARN_EMPTY_BODY = YES;
				CLANG_WARN_ENUM_CONVERSION = YES;
				CLANG_WARN_INFINITE_RECURSION = YES;
				CLANG_WARN_INT_CONVERSION = YES;
				CLANG_WARN_NON_LITERAL_NULL_CONVERSION = YES;
				CLANG_WARN_OBJC_IMPLICIT_RETAIN_SELF = YES;
				CLANG_WARN_OBJC_LITERAL_CONVERSION = YES;
				CLANG_WARN_OBJC_ROOT_CLASS = YES_ERROR;
				CLANG_WARN_RANGE_LOOP_ANALYSIS = YES;
				CLANG_WARN_STRICT_PROTOTYPES = YES;
				CLANG_WARN_SUSPICIOUS_MOVE = YES;
				CLANG_WARN_UNGUARDED_AVAILABILITY = YES_AGGRESSIVE;
				CLANG_WARN_UNREACHABLE_CODE = YES;
				CLANG_WARN__DUPLICATE_METHOD_MATCH = YES;
				CODE_SIGN_IDENTITY = "iPhone Developer";
				COPY_PHASE_STRIP = NO;
				DEBUG_INFORMATION_FORMAT = dwarf;
				ENABLE_STRICT_OBJC_MSGSEND = YES;
				ENABLE_TESTABILITY = YES;
				GCC_C_LANGUAGE_STANDARD = gnu11;
				GCC_DYNAMIC_NO_PIC = NO;
				GCC_NO_COMMON_BLOCKS = YES;
				GCC_OPTIMIZATION_LEVEL = 0;
				GCC_PREPROCESSOR_DEFINITIONS = (
					"DEBUG=1",
					"$(inherited)",
				);
				GCC_WARN_64_TO_32_BIT_CONVERSION = YES;
				GCC_WARN_ABOUT_RETURN_TYPE = YES_ERROR;
				GCC_WARN_UNDECLARED_SELECTOR = YES;
				GCC_WARN_UNINITIALIZED_AUTOS = YES_AGGRESSIVE;
				GCC_WARN_UNUSED_FUNCTION = YES;
				GCC_WARN_UNUSED_VARIABLE = YES;
				IPHONEOS_DEPLOYMENT_TARGET = 12.2;
				MTL_ENABLE_DEBUG_INFO = INCLUDE_SOURCE;
				MTL_FAST_MATH = YES;
				ONLY_ACTIVE_ARCH = YES;
				SDKROOT = iphoneos;
				SWIFT_ACTIVE_COMPILATION_CONDITIONS = DEBUG;
				SWIFT_OPTIMIZATION_LEVEL = "-Onone";
			};
			name = Debug;
		};
		857F07C12340AC670046C64E /* Release */ = {
			isa = XCBuildConfiguration;
			buildSettings = {
				ALWAYS_SEARCH_USER_PATHS = NO;
				CLANG_ANALYZER_NONNULL = YES;
				CLANG_ANALYZER_NUMBER_OBJECT_CONVERSION = YES_AGGRESSIVE;
				CLANG_CXX_LANGUAGE_STANDARD = "gnu++14";
				CLANG_CXX_LIBRARY = "libc++";
				CLANG_ENABLE_MODULES = YES;
				CLANG_ENABLE_OBJC_ARC = YES;
				CLANG_ENABLE_OBJC_WEAK = YES;
				CLANG_WARN_BLOCK_CAPTURE_AUTORELEASING = YES;
				CLANG_WARN_BOOL_CONVERSION = YES;
				CLANG_WARN_COMMA = YES;
				CLANG_WARN_CONSTANT_CONVERSION = YES;
				CLANG_WARN_DEPRECATED_OBJC_IMPLEMENTATIONS = YES;
				CLANG_WARN_DIRECT_OBJC_ISA_USAGE = YES_ERROR;
				CLANG_WARN_DOCUMENTATION_COMMENTS = YES;
				CLANG_WARN_EMPTY_BODY = YES;
				CLANG_WARN_ENUM_CONVERSION = YES;
				CLANG_WARN_INFINITE_RECURSION = YES;
				CLANG_WARN_INT_CONVERSION = YES;
				CLANG_WARN_NON_LITERAL_NULL_CONVERSION = YES;
				CLANG_WARN_OBJC_IMPLICIT_RETAIN_SELF = YES;
				CLANG_WARN_OBJC_LITERAL_CONVERSION = YES;
				CLANG_WARN_OBJC_ROOT_CLASS = YES_ERROR;
				CLANG_WARN_RANGE_LOOP_ANALYSIS = YES;
				CLANG_WARN_STRICT_PROTOTYPES = YES;
				CLANG_WARN_SUSPICIOUS_MOVE = YES;
				CLANG_WARN_UNGUARDED_AVAILABILITY = YES_AGGRESSIVE;
				CLANG_WARN_UNREACHABLE_CODE = YES;
				CLANG_WARN__DUPLICATE_METHOD_MATCH = YES;
				CODE_SIGN_IDENTITY = "iPhone Developer";
				COPY_PHASE_STRIP = NO;
				DEBUG_INFORMATION_FORMAT = "dwarf-with-dsym";
				ENABLE_NS_ASSERTIONS = NO;
				ENABLE_STRICT_OBJC_MSGSEND = YES;
				GCC_C_LANGUAGE_STANDARD = gnu11;
				GCC_NO_COMMON_BLOCKS = YES;
				GCC_WARN_64_TO_32_BIT_CONVERSION = YES;
				GCC_WARN_ABOUT_RETURN_TYPE = YES_ERROR;
				GCC_WARN_UNDECLARED_SELECTOR = YES;
				GCC_WARN_UNINITIALIZED_AUTOS = YES_AGGRESSIVE;
				GCC_WARN_UNUSED_FUNCTION = YES;
				GCC_WARN_UNUSED_VARIABLE = YES;
				IPHONEOS_DEPLOYMENT_TARGET = 12.2;
				MTL_ENABLE_DEBUG_INFO = NO;
				MTL_FAST_MATH = YES;
				SDKROOT = iphoneos;
				SWIFT_COMPILATION_MODE = wholemodule;
				SWIFT_OPTIMIZATION_LEVEL = "-O";
				VALIDATE_PRODUCT = YES;
			};
			name = Release;
		};
		857F07C32340AC670046C64E /* Debug */ = {
			isa = XCBuildConfiguration;
			buildSettings = {
				ASSETCATALOG_COMPILER_APPICON_NAME = AppIcon;
				CODE_SIGN_STYLE = Automatic;
				INFOPLIST_FILE = Bingo/Info.plist;
				LD_RUNPATH_SEARCH_PATHS = (
					"$(inherited)",
					"@executable_path/Frameworks",
				);
				PRODUCT_BUNDLE_IDENTIFIER = com.HW.Hsiao.Bingo;
				PRODUCT_NAME = "$(TARGET_NAME)";
				SWIFT_VERSION = 5.0;
				TARGETED_DEVICE_FAMILY = "1,2";
			};
			name = Debug;
		};
		857F07C42340AC670046C64E /* Release */ = {
			isa = XCBuildConfiguration;
			buildSettings = {
				ASSETCATALOG_COMPILER_APPICON_NAME = AppIcon;
				CODE_SIGN_STYLE = Automatic;
				INFOPLIST_FILE = Bingo/Info.plist;
				LD_RUNPATH_SEARCH_PATHS = (
					"$(inherited)",
					"@executable_path/Frameworks",
				);
				PRODUCT_BUNDLE_IDENTIFIER = com.HW.Hsiao.Bingo;
				PRODUCT_NAME = "$(TARGET_NAME)";
				SWIFT_VERSION = 5.0;
				TARGETED_DEVICE_FAMILY = "1,2";
			};
			name = Release;
		};
/* End XCBuildConfiguration section */

/* Begin XCConfigurationList section */
		857F07AB2340AC650046C64E /* Build configuration list for PBXProject "Bingo" */ = {
			isa = XCConfigurationList;
			buildConfigurations = (
				857F07C02340AC670046C64E /* Debug */,
				857F07C12340AC670046C64E /* Release */,
			);
			defaultConfigurationIsVisible = 0;
			defaultConfigurationName = Release;
		};
		857F07C22340AC670046C64E /* Build configuration list for PBXNativeTarget "Bingo" */ = {
			isa = XCConfigurationList;
			buildConfigurations = (
				857F07C32340AC670046C64E /* Debug */,
				857F07C42340AC670046C64E /* Release */,
			);
			defaultConfigurationIsVisible = 0;
			defaultConfigurationName = Release;
		};
/* End XCConfigurationList section */
	};
	rootObject = 857F07A82340AC650046C64E /* Project object */;
}
